
Microsoft Visual Studio Solution File, Format Version 12.00
# Visual Studio Version 17
VisualStudioVersion = 17.5.001.0
MinimumVisualStudioVersion = 10.0.40219.1
Project("{9A19103F-16F7-4668-BE54-9A1E7A4F7556}") = "Example01_Helloconsole", "Example01_Helloconsole.csproj", "{DE12F015-C813-4ABC-A744-AD8DF881EDBC}"
EndProject
Global
	GlobalSection(SolutionConfigurationPlatforms) = preSolution
		Debug|Any CPU = Debug|Any CPU
		Release|Any CPU = Release|Any CPU
	EndGlobalSection
	GlobalSection(ProjectConfigurationPlatforms) = postSolution
		{DE12F015-C813-4ABC-A744-AD8DF881EDBC}.Debug|Any CPU.ActiveCfg = Debug|Any CPU
		{DE12F015-C813-4ABC-A744-AD8DF881EDBC}.Debug|Any CPU.Build.0 = Debug|Any CPU
		{DE12F015-C813-4ABC-A744-AD8DF881EDBC}.Release|Any CPU.ActiveCfg = Release|Any CPU
		{DE12F015-C813-4ABC-A744-AD8DF881EDBC}.Release|Any CPU.Build.0 = Release|Any CPU
	EndGlobalSection
	GlobalSection(SolutionProperties) = preSolution
		HideSolutionNode = FALSE
	EndGlobalSection
	GlobalSection(ExtensibilityGlobals) = postSolution
		SolutionGuid = {81E6C8CE-3BC2-4C8D-9440-A09CE4D74007}
	EndGlobalSection
EndGlobal
